
Microsoft Visual Studio Solution File, Format Version 12.00
# Visual Studio 2013
VisualStudioVersion = 12.0.31101.0
MinimumVisualStudioVersion = 10.0.40219.1
Project("{FAE04EC0-301F-11D3-BF4B-00C04F79EFBC}") = "PromotionViability", "PromotionViability\PromotionViability.csproj", "{BAA84139-09E8-4D4E-95E4-63792B405B48}"
EndProject
Project("{FAE04EC0-301F-11D3-BF4B-00C04F79EFBC}") = "gw2api", "gw2api\gw2api.csproj", "{F18DCF35-E1C8-4806-9640-1A58071AC52B}"
EndProject
Global
	GlobalSection(SolutionConfigurationPlatforms) = preSolution
		Debug|Any CPU = Debug|Any CPU
		Release|Any CPU = Release|Any CPU
	EndGlobalSection
	GlobalSection(ProjectConfigurationPlatforms) = postSolution
		{BAA84139-09E8-4D4E-95E4-63792B405B48}.Debug|Any CPU.ActiveCfg = Debug|Any CPU
		{BAA84139-09E8-4D4E-95E4-63792B405B48}.Debug|Any CPU.Build.0 = Debug|Any CPU
		{BAA84139-09E8-4D4E-95E4-63792B405B48}.Release|Any CPU.ActiveCfg = Release|Any CPU
		{BAA84139-09E8-4D4E-95E4-63792B405B48}.Release|Any CPU.Build.0 = Release|Any CPU
		{F18DCF35-E1C8-4806-9640-1A58071AC52B}.Debug|Any CPU.ActiveCfg = Debug|Any CPU
		{F18DCF35-E1C8-4806-9640-1A58071AC52B}.Debug|Any CPU.Build.0 = Debug|Any CPU
		{F18DCF35-E1C8-4806-9640-1A58071AC52B}.Release|Any CPU.ActiveCfg = Release|Any CPU
		{F18DCF35-E1C8-4806-9640-1A58071AC52B}.Release|Any CPU.Build.0 = Release|Any CPU
	EndGlobalSection
	GlobalSection(SolutionProperties) = preSolution
		HideSolutionNode = FALSE
	EndGlobalSection
EndGlobal
